// !$*UTF8*$!
{
	archiveVersion = 1;
	classes = {
	};
	objectVersion = 77;
	objects = {

/* Begin PBXBuildFile section */
		34EC246D2DB7555A00DEA649 /* OpenGL.framework in Frameworks */ = {isa = PBXBuildFile; fileRef = 3497C50D2DB71F7900D3FF09 /* OpenGL.framework */; };
		34EC246E2DB7557D00DEA649 /* libGLEW.2.2.0.dylib in Frameworks */ = {isa = PBXBuildFile; fileRef = 3497C50F2DB7210B00D3FF09 /* libGLEW.2.2.0.dylib */; };
		34EC246F2DB7557D00DEA649 /* libglfw.3.4.dylib in Frameworks */ = {isa = PBXBuildFile; fileRef = 3497C5102DB7210B00D3FF09 /* libglfw.3.4.dylib */; };
/* End PBXBuildFile section */

/* Begin PBXCopyFilesBuildPhase section */
		3497C4FD2DB71EC800D3FF09 /* CopyFiles */ = {
			isa = PBXCopyFilesBuildPhase;
			buildActionMask = 2147483647;
			dstPath = /usr/share/man/man1/;
			dstSubfolderSpec = 0;
			files = (
			);
			runOnlyForDeploymentPostprocessing = 1;
		};
/* End PBXCopyFilesBuildPhase section */

/* Begin PBXFileReference section */
		3497C4FF2DB71EC800D3FF09 /* CameraApp */ = {isa = PBXFileReference; explicitFileType = "compiled.mach-o.executable"; includeInIndex = 0; path = CameraApp; sourceTree = BUILT_PRODUCTS_DIR; };
		3497C50D2DB71F7900D3FF09 /* OpenGL.framework */ = {isa = PBXFileReference; lastKnownFileType = wrapper.framework; name = OpenGL.framework; path = System/Library/Frameworks/OpenGL.framework; sourceTree = SDKROOT; };
		3497C50F2DB7210B00D3FF09 /* libGLEW.2.2.0.dylib */ = {isa = PBXFileReference; lastKnownFileType = "compiled.mach-o.dylib"; name = libGLEW.2.2.0.dylib; path = ../../../../../../opt/homebrew/Cellar/glew/2.2.0_1/lib/libGLEW.2.2.0.dylib; sourceTree = "<group>"; };
		3497C5102DB7210B00D3FF09 /* libglfw.3.4.dylib */ = {isa = PBXFileReference; lastKnownFileType = "compiled.mach-o.dylib"; name = libglfw.3.4.dylib; path = ../../../../../../opt/homebrew/Cellar/glfw/3.4/lib/libglfw.3.4.dylib; sourceTree = "<group>"; };
		34D0A74E2DD454EF00AC1D06 /* CompilerIdC.xcodeproj */ = {isa = PBXFileReference; lastKnownFileType = "wrapper.pb-project"; path = CompilerIdC.xcodeproj; sourceTree = "<group>"; };
		34D0A7BB2DD454F300AC1D06 /* CompilerIdCXX.xcodeproj */ = {isa = PBXFileReference; lastKnownFileType = "wrapper.pb-project"; path = CompilerIdCXX.xcodeproj; sourceTree = "<group>"; };
		34D0A7DE2DD454F600AC1D06 /* CameraApp.xcodeproj */ = {isa = PBXFileReference; lastKnownFileType = "wrapper.pb-project"; path = CameraApp.xcodeproj; sourceTree = "<group>"; };
		34D0A8722DD4567400AC1D06 /* CompilerIdC.xcodeproj */ = {isa = PBXFileReference; lastKnownFileType = "wrapper.pb-project"; path = CompilerIdC.xcodeproj; sourceTree = "<group>"; };
		34D0A94C2DD4572F00AC1D06 /* CompilerIdCXX.xcodeproj */ = {isa = PBXFileReference; lastKnownFileType = "wrapper.pb-project"; path = CompilerIdCXX.xcodeproj; sourceTree = "<group>"; };
		34D0A9652DD4573200AC1D06 /* CameraApp.xcodeproj */ = {isa = PBXFileReference; lastKnownFileType = "wrapper.pb-project"; path = CameraApp.xcodeproj; sourceTree = "<group>"; };
		34D0AABE2DD4580400AC1D06 /* CompilerIdC.xcodeproj */ = {isa = PBXFileReference; lastKnownFileType = "wrapper.pb-project"; path = CompilerIdC.xcodeproj; sourceTree = "<group>"; };
		34D0AAEA2DD4580400AC1D06 /* CompilerIdCXX.xcodeproj */ = {isa = PBXFileReference; lastKnownFileType = "wrapper.pb-project"; path = CompilerIdCXX.xcodeproj; sourceTree = "<group>"; };
		34D0AB1F2DD4580700AC1D06 /* CameraApp.xcodeproj */ = {isa = PBXFileReference; lastKnownFileType = "wrapper.pb-project"; path = CameraApp.xcodeproj; sourceTree = "<group>"; };
		34D0ACC42DD45A2E00AC1D06 /* CompilerIdC.xcodeproj */ = {isa = PBXFileReference; lastKnownFileType = "wrapper.pb-project"; path = CompilerIdC.xcodeproj; sourceTree = "<group>"; };
		34D0ACF52DD45A2E00AC1D06 /* CompilerIdCXX.xcodeproj */ = {isa = PBXFileReference; lastKnownFileType = "wrapper.pb-project"; path = CompilerIdCXX.xcodeproj; sourceTree = "<group>"; };
		34D0AD092DD45A2E00AC1D06 /* CameraApp.xcodeproj */ = {isa = PBXFileReference; lastKnownFileType = "wrapper.pb-project"; path = CameraApp.xcodeproj; sourceTree = "<group>"; };
		34D0ADF72DD45B4800AC1D06 /* CompilerIdC.xcodeproj */ = {isa = PBXFileReference; lastKnownFileType = "wrapper.pb-project"; path = CompilerIdC.xcodeproj; sourceTree = "<group>"; };
		34D0AE282DD45B4800AC1D06 /* CompilerIdCXX.xcodeproj */ = {isa = PBXFileReference; lastKnownFileType = "wrapper.pb-project"; path = CompilerIdCXX.xcodeproj; sourceTree = "<group>"; };
		34D0AE3B2DD45B4800AC1D06 /* CameraApp.xcodeproj */ = {isa = PBXFileReference; lastKnownFileType = "wrapper.pb-project"; path = CameraApp.xcodeproj; sourceTree = "<group>"; };
		34D0B04E2DD45C9700AC1D06 /* CompilerIdC.xcodeproj */ = {isa = PBXFileReference; lastKnownFileType = "wrapper.pb-project"; path = CompilerIdC.xcodeproj; sourceTree = "<group>"; };
		34D0B07F2DD45C9700AC1D06 /* CompilerIdCXX.xcodeproj */ = {isa = PBXFileReference; lastKnownFileType = "wrapper.pb-project"; path = CompilerIdCXX.xcodeproj; sourceTree = "<group>"; };
		34D0B0932DD45C9700AC1D06 /* CameraApp.xcodeproj */ = {isa = PBXFileReference; lastKnownFileType = "wrapper.pb-project"; path = CameraApp.xcodeproj; sourceTree = "<group>"; };
		34D0B0DF2DD45E4300AC1D06 /* README.md */ = {isa = PBXFileReference; lastKnownFileType = net.daringfireball.markdown; path = README.md; sourceTree = "<group>"; };
		34D0B17B2DD4698D00AC1D06 /* CompilerIdC.xcodeproj */ = {isa = PBXFileReference; lastKnownFileType = "wrapper.pb-project"; path = CompilerIdC.xcodeproj; sourceTree = "<group>"; };
		34D0B1AC2DD4698D00AC1D06 /* CompilerIdCXX.xcodeproj */ = {isa = PBXFileReference; lastKnownFileType = "wrapper.pb-project"; path = CompilerIdCXX.xcodeproj; sourceTree = "<group>"; };
		34D0B1C02DD4698D00AC1D06 /* CameraApp.xcodeproj */ = {isa = PBXFileReference; lastKnownFileType = "wrapper.pb-project"; path = CameraApp.xcodeproj; sourceTree = "<group>"; };
/* End PBXFileReference section */

/* Begin PBXFileSystemSynchronizedRootGroup section */
		3497C5012DB71EC800D3FF09 /* CameraApp */ = {
			isa = PBXFileSystemSynchronizedRootGroup;
			path = CameraApp;
			sourceTree = "<group>";
		};
/* End PBXFileSystemSynchronizedRootGroup section */

/* Begin PBXFrameworksBuildPhase section */
		3497C4FC2DB71EC800D3FF09 /* Frameworks */ = {
			isa = PBXFrameworksBuildPhase;
			buildActionMask = 2147483647;
			files = (
				34EC246E2DB7557D00DEA649 /* libGLEW.2.2.0.dylib in Frameworks */,
				34EC246F2DB7557D00DEA649 /* libglfw.3.4.dylib in Frameworks */,
				34EC246D2DB7555A00DEA649 /* OpenGL.framework in Frameworks */,
			);
			runOnlyForDeploymentPostprocessing = 0;
		};
/* End PBXFrameworksBuildPhase section */

/* Begin PBXGroup section */
		3497C4F62DB71EC800D3FF09 = {
			isa = PBXGroup;
			children = (
				34D0B0DF2DD45E4300AC1D06 /* README.md */,
				3497C5012DB71EC800D3FF09 /* CameraApp */,
				3497C50C2DB71F7900D3FF09 /* Frameworks */,
				3497C5002DB71EC800D3FF09 /* Products */,
			);
			sourceTree = "<group>";
		};
		3497C5002DB71EC800D3FF09 /* Products */ = {
			isa = PBXGroup;
			children = (
				3497C4FF2DB71EC800D3FF09 /* CameraApp */,
			);
			name = Products;
			sourceTree = "<group>";
		};
		3497C50C2DB71F7900D3FF09 /* Frameworks */ = {
			isa = PBXGroup;
			children = (
				3497C50F2DB7210B00D3FF09 /* libGLEW.2.2.0.dylib */,
				3497C5102DB7210B00D3FF09 /* libglfw.3.4.dylib */,
				3497C50D2DB71F7900D3FF09 /* OpenGL.framework */,
			);
			name = Frameworks;
			sourceTree = "<group>";
		};
		34D0A7552DD454EF00AC1D06 /* Products */ = {
			isa = PBXGroup;
			children = (
			);
			name = Products;
			sourceTree = "<group>";
		};
		34D0A7BF2DD454F300AC1D06 /* Products */ = {
			isa = PBXGroup;
			children = (
			);
			name = Products;
			sourceTree = "<group>";
		};
		34D0A7E12DD454F600AC1D06 /* Products */ = {
			isa = PBXGroup;
			children = (
			);
			name = Products;
			sourceTree = "<group>";
		};
		34D0A8D52DD4567400AC1D06 /* Products */ = {
			isa = PBXGroup;
			children = (
			);
			name = Products;
			sourceTree = "<group>";
		};
		34D0A9502DD4572F00AC1D06 /* Products */ = {
			isa = PBXGroup;
			children = (
			);
			name = Products;
			sourceTree = "<group>";
		};
		34D0A9682DD4573200AC1D06 /* Products */ = {
			isa = PBXGroup;
			children = (
			);
			name = Products;
			sourceTree = "<group>";
		};
		34D0AAEF2DD4580400AC1D06 /* Products */ = {
			isa = PBXGroup;
			children = (
			);
			name = Products;
			sourceTree = "<group>";
		};
		34D0AAF12DD4580400AC1D06 /* Products */ = {
			isa = PBXGroup;
			children = (
			);
			name = Products;
			sourceTree = "<group>";
		};
		34D0AB222DD4580700AC1D06 /* Products */ = {
			isa = PBXGroup;
			children = (
			);
			name = Products;
			sourceTree = "<group>";
		};
		34D0AD282DD45A2E00AC1D06 /* Products */ = {
			isa = PBXGroup;
			children = (
			);
			name = Products;
			sourceTree = "<group>";
		};
		34D0AD2A2DD45A2E00AC1D06 /* Products */ = {
			isa = PBXGroup;
			children = (
			);
			name = Products;
			sourceTree = "<group>";
		};
		34D0AD2C2DD45A2E00AC1D06 /* Products */ = {
			isa = PBXGroup;
			children = (
			);
			name = Products;
			sourceTree = "<group>";
		};
		34D0AE5A2DD45B4800AC1D06 /* Products */ = {
			isa = PBXGroup;
			children = (
			);
			name = Products;
			sourceTree = "<group>";
		};
		34D0AE5C2DD45B4800AC1D06 /* Products */ = {
			isa = PBXGroup;
			children = (
			);
			name = Products;
			sourceTree = "<group>";
		};
		34D0AE5E2DD45B4800AC1D06 /* Products */ = {
			isa = PBXGroup;
			children = (
			);
			name = Products;
			sourceTree = "<group>";
		};
		34D0B0B22DD45C9700AC1D06 /* Products */ = {
			isa = PBXGroup;
			children = (
			);
			name = Products;
			sourceTree = "<group>";
		};
		34D0B0B42DD45C9700AC1D06 /* Products */ = {
			isa = PBXGroup;
			children = (
			);
			name = Products;
			sourceTree = "<group>";
		};
		34D0B0B62DD45C9700AC1D06 /* Products */ = {
			isa = PBXGroup;
			children = (
			);
			name = Products;
			sourceTree = "<group>";
		};
		34D0B1DF2DD4698D00AC1D06 /* Products */ = {
			isa = PBXGroup;
			children = (
			);
			name = Products;
			sourceTree = "<group>";
		};
		34D0B1E12DD4698D00AC1D06 /* Products */ = {
			isa = PBXGroup;
			children = (
			);
			name = Products;
			sourceTree = "<group>";
		};
		34D0B1E32DD4698D00AC1D06 /* Products */ = {
			isa = PBXGroup;
			children = (
			);
			name = Products;
			sourceTree = "<group>";
		};
/* End PBXGroup section */

/* Begin PBXNativeTarget section */
		3497C4FE2DB71EC800D3FF09 /* CameraApp */ = {
			isa = PBXNativeTarget;
			buildConfigurationList = 3497C5062DB71EC800D3FF09 /* Build configuration list for PBXNativeTarget "CameraApp" */;
			buildPhases = (
				3497C4FB2DB71EC800D3FF09 /* Sources */,
				3497C4FC2DB71EC800D3FF09 /* Frameworks */,
				3497C4FD2DB71EC800D3FF09 /* CopyFiles */,
			);
			buildRules = (
			);
			dependencies = (
			);
			fileSystemSynchronizedGroups = (
				3497C5012DB71EC800D3FF09 /* CameraApp */,
			);
			name = CameraApp;
			packageProductDependencies = (
			);
			productName = CameraApp;
			productReference = 3497C4FF2DB71EC800D3FF09 /* CameraApp */;
			productType = "com.apple.product-type.tool";
		};
/* End PBXNativeTarget section */

/* Begin PBXProject section */
		3497C4F72DB71EC800D3FF09 /* Project object */ = {
			isa = PBXProject;
			attributes = {
				BuildIndependentTargetsInParallel = 1;
				LastUpgradeCheck = 1620;
				TargetAttributes = {
					3497C4FE2DB71EC800D3FF09 = {
						CreatedOnToolsVersion = 16.2;
					};
				};
			};
			buildConfigurationList = 3497C4FA2DB71EC800D3FF09 /* Build configuration list for PBXProject "CameraApp" */;
			developmentRegion = en;
			hasScannedForEncodings = 0;
			knownRegions = (
				en,
				Base,
			);
			mainGroup = 3497C4F62DB71EC800D3FF09;
			minimizedProjectReferenceProxies = 1;
			preferredProjectObjectVersion = 77;
			productRefGroup = 3497C5002DB71EC800D3FF09 /* Products */;
			projectDirPath = "";
			projectReferences = (
				{
					ProductGroup = 34D0AD282DD45A2E00AC1D06 /* Products */;
					ProjectRef = 34D0AD092DD45A2E00AC1D06 /* CameraApp.xcodeproj */;
				},
				{
					ProductGroup = 34D0AE5C2DD45B4800AC1D06 /* Products */;
					ProjectRef = 34D0AE3B2DD45B4800AC1D06 /* CameraApp.xcodeproj */;
				},
				{
					ProductGroup = 34D0B1E32DD4698D00AC1D06 /* Products */;
					ProjectRef = 34D0B1C02DD4698D00AC1D06 /* CameraApp.xcodeproj */;
				},
				{
					ProductGroup = 34D0A9682DD4573200AC1D06 /* Products */;
					ProjectRef = 34D0A9652DD4573200AC1D06 /* CameraApp.xcodeproj */;
				},
				{
					ProductGroup = 34D0B0B42DD45C9700AC1D06 /* Products */;
					ProjectRef = 34D0B0932DD45C9700AC1D06 /* CameraApp.xcodeproj */;
				},
				{
					ProductGroup = 34D0A7E12DD454F600AC1D06 /* Products */;
					ProjectRef = 34D0A7DE2DD454F600AC1D06 /* CameraApp.xcodeproj */;
				},
				{
					ProductGroup = 34D0AB222DD4580700AC1D06 /* Products */;
					ProjectRef = 34D0AB1F2DD4580700AC1D06 /* CameraApp.xcodeproj */;
				},
				{
					ProductGroup = 34D0AAF12DD4580400AC1D06 /* Products */;
					ProjectRef = 34D0AABE2DD4580400AC1D06 /* CompilerIdC.xcodeproj */;
				},
				{
					ProductGroup = 34D0A7552DD454EF00AC1D06 /* Products */;
					ProjectRef = 34D0A74E2DD454EF00AC1D06 /* CompilerIdC.xcodeproj */;
				},
				{
					ProductGroup = 34D0B0B22DD45C9700AC1D06 /* Products */;
					ProjectRef = 34D0B04E2DD45C9700AC1D06 /* CompilerIdC.xcodeproj */;
				},
				{
					ProductGroup = 34D0A8D52DD4567400AC1D06 /* Products */;
					ProjectRef = 34D0A8722DD4567400AC1D06 /* CompilerIdC.xcodeproj */;
				},
				{
					ProductGroup = 34D0B1E12DD4698D00AC1D06 /* Products */;
					ProjectRef = 34D0B17B2DD4698D00AC1D06 /* CompilerIdC.xcodeproj */;
				},
				{
					ProductGroup = 34D0AE5E2DD45B4800AC1D06 /* Products */;
					ProjectRef = 34D0ADF72DD45B4800AC1D06 /* CompilerIdC.xcodeproj */;
				},
				{
					ProductGroup = 34D0AD2C2DD45A2E00AC1D06 /* Products */;
					ProjectRef = 34D0ACC42DD45A2E00AC1D06 /* CompilerIdC.xcodeproj */;
				},
				{
					ProductGroup = 34D0A9502DD4572F00AC1D06 /* Products */;
					ProjectRef = 34D0A94C2DD4572F00AC1D06 /* CompilerIdCXX.xcodeproj */;
				},
				{
					ProductGroup = 34D0B0B62DD45C9700AC1D06 /* Products */;
					ProjectRef = 34D0B07F2DD45C9700AC1D06 /* CompilerIdCXX.xcodeproj */;
				},
				{
					ProductGroup = 34D0AAEF2DD4580400AC1D06 /* Products */;
					ProjectRef = 34D0AAEA2DD4580400AC1D06 /* CompilerIdCXX.xcodeproj */;
				},
				{
					ProductGroup = 34D0A7BF2DD454F300AC1D06 /* Products */;
					ProjectRef = 34D0A7BB2DD454F300AC1D06 /* CompilerIdCXX.xcodeproj */;
				},
				{
					ProductGroup = 34D0B1DF2DD4698D00AC1D06 /* Products */;
					ProjectRef = 34D0B1AC2DD4698D00AC1D06 /* CompilerIdCXX.xcodeproj */;
				},
				{
					ProductGroup = 34D0AD2A2DD45A2E00AC1D06 /* Products */;
					ProjectRef = 34D0ACF52DD45A2E00AC1D06 /* CompilerIdCXX.xcodeproj */;
				},
				{
					ProductGroup = 34D0AE5A2DD45B4800AC1D06 /* Products */;
					ProjectRef = 34D0AE282DD45B4800AC1D06 /* CompilerIdCXX.xcodeproj */;
				},
			);
			projectRoot = "";
			targets = (
				3497C4FE2DB71EC800D3FF09 /* CameraApp */,
			);
		};
/* End PBXProject section */

/* Begin PBXSourcesBuildPhase section */
		3497C4FB2DB71EC800D3FF09 /* Sources */ = {
			isa = PBXSourcesBuildPhase;
			buildActionMask = 2147483647;
			files = (
			);
			runOnlyForDeploymentPostprocessing = 0;
		};
/* End PBXSourcesBuildPhase section */

/* Begin XCBuildConfiguration section */
		3497C5042DB71EC800D3FF09 /* Debug */ = {
			isa = XCBuildConfiguration;
			buildSettings = {
				ALWAYS_SEARCH_USER_PATHS = NO;
				ASSETCATALOG_COMPILER_GENERATE_SWIFT_ASSET_SYMBOL_EXTENSIONS = YES;
				CLANG_ANALYZER_NONNULL = YES;
				CLANG_ANALYZER_NUMBER_OBJECT_CONVERSION = YES_AGGRESSIVE;
				CLANG_CXX_LANGUAGE_STANDARD = "gnu++20";
				CLANG_ENABLE_MODULES = YES;
				CLANG_ENABLE_OBJC_ARC = YES;
				CLANG_ENABLE_OBJC_WEAK = YES;
				CLANG_WARN_BLOCK_CAPTURE_AUTORELEASING = YES;
				CLANG_WARN_BOOL_CONVERSION = YES;
				CLANG_WARN_COMMA = YES;
				CLANG_WARN_CONSTANT_CONVERSION = YES;
				CLANG_WARN_DEPRECATED_OBJC_IMPLEMENTATIONS = YES;
				CLANG_WARN_DIRECT_OBJC_ISA_USAGE = YES_ERROR;
				CLANG_WARN_DOCUMENTATION_COMMENTS = YES;
				CLANG_WARN_EMPTY_BODY = YES;
				CLANG_WARN_ENUM_CONVERSION = YES;
				CLANG_WARN_INFINITE_RECURSION = YES;
				CLANG_WARN_INT_CONVERSION = YES;
				CLANG_WARN_NON_LITERAL_NULL_CONVERSION = YES;
				CLANG_WARN_OBJC_IMPLICIT_RETAIN_SELF = YES;
				CLANG_WARN_OBJC_LITERAL_CONVERSION = YES;
				CLANG_WARN_OBJC_ROOT_CLASS = YES_ERROR;
				CLANG_WARN_QUOTED_INCLUDE_IN_FRAMEWORK_HEADER = YES;
				CLANG_WARN_RANGE_LOOP_ANALYSIS = YES;
				CLANG_WARN_STRICT_PROTOTYPES = YES;
				CLANG_WARN_SUSPICIOUS_MOVE = YES;
				CLANG_WARN_UNGUARDED_AVAILABILITY = YES_AGGRESSIVE;
				CLANG_WARN_UNREACHABLE_CODE = YES;
				CLANG_WARN__DUPLICATE_METHOD_MATCH = YES;
				COPY_PHASE_STRIP = NO;
				DEBUG_INFORMATION_FORMAT = dwarf;
				ENABLE_STRICT_OBJC_MSGSEND = YES;
				ENABLE_TESTABILITY = YES;
				ENABLE_USER_SCRIPT_SANDBOXING = YES;
				GCC_C_LANGUAGE_STANDARD = gnu17;
				GCC_DYNAMIC_NO_PIC = NO;
				GCC_NO_COMMON_BLOCKS = YES;
				GCC_OPTIMIZATION_LEVEL = 0;
				GCC_PREPROCESSOR_DEFINITIONS = (
					"DEBUG=1",
					"$(inherited)",
				);
				GCC_WARN_64_TO_32_BIT_CONVERSION = YES;
				GCC_WARN_ABOUT_RETURN_TYPE = YES_ERROR;
				GCC_WARN_UNDECLARED_SELECTOR = YES;
				GCC_WARN_UNINITIALIZED_AUTOS = YES_AGGRESSIVE;
				GCC_WARN_UNUSED_FUNCTION = YES;
				GCC_WARN_UNUSED_VARIABLE = YES;
				LOCALIZATION_PREFERS_STRING_CATALOGS = YES;
				MACOSX_DEPLOYMENT_TARGET = 15.2;
				MTL_ENABLE_DEBUG_INFO = INCLUDE_SOURCE;
				MTL_FAST_MATH = YES;
				ONLY_ACTIVE_ARCH = YES;
				SDKROOT = macosx;
			};
			name = Debug;
		};
		3497C5052DB71EC800D3FF09 /* Release */ = {
			isa = XCBuildConfiguration;
			buildSettings = {
				ALWAYS_SEARCH_USER_PATHS = NO;
				ASSETCATALOG_COMPILER_GENERATE_SWIFT_ASSET_SYMBOL_EXTENSIONS = YES;
				CLANG_ANALYZER_NONNULL = YES;
				CLANG_ANALYZER_NUMBER_OBJECT_CONVERSION = YES_AGGRESSIVE;
				CLANG_CXX_LANGUAGE_STANDARD = "gnu++20";
				CLANG_ENABLE_MODULES = YES;
				CLANG_ENABLE_OBJC_ARC = YES;
				CLANG_ENABLE_OBJC_WEAK = YES;
				CLANG_WARN_BLOCK_CAPTURE_AUTORELEASING = YES;
				CLANG_WARN_BOOL_CONVERSION = YES;
				CLANG_WARN_COMMA = YES;
				CLANG_WARN_CONSTANT_CONVERSION = YES;
				CLANG_WARN_DEPRECATED_OBJC_IMPLEMENTATIONS = YES;
				CLANG_WARN_DIRECT_OBJC_ISA_USAGE = YES_ERROR;
				CLANG_WARN_DOCUMENTATION_COMMENTS = YES;
				CLANG_WARN_EMPTY_BODY = YES;
				CLANG_WARN_ENUM_CONVERSION = YES;
				CLANG_WARN_INFINITE_RECURSION = YES;
				CLANG_WARN_INT_CONVERSION = YES;
				CLANG_WARN_NON_LITERAL_NULL_CONVERSION = YES;
				CLANG_WARN_OBJC_IMPLICIT_RETAIN_SELF = YES;
				CLANG_WARN_OBJC_LITERAL_CONVERSION = YES;
				CLANG_WARN_OBJC_ROOT_CLASS = YES_ERROR;
				CLANG_WARN_QUOTED_INCLUDE_IN_FRAMEWORK_HEADER = YES;
				CLANG_WARN_RANGE_LOOP_ANALYSIS = YES;
				CLANG_WARN_STRICT_PROTOTYPES = YES;
				CLANG_WARN_SUSPICIOUS_MOVE = YES;
				CLANG_WARN_UNGUARDED_AVAILABILITY = YES_AGGRESSIVE;
				CLANG_WARN_UNREACHABLE_CODE = YES;
				CLANG_WARN__DUPLICATE_METHOD_MATCH = YES;
				COPY_PHASE_STRIP = NO;
				DEBUG_INFORMATION_FORMAT = "dwarf-with-dsym";
				ENABLE_NS_ASSERTIONS = NO;
				ENABLE_STRICT_OBJC_MSGSEND = YES;
				ENABLE_USER_SCRIPT_SANDBOXING = YES;
				GCC_C_LANGUAGE_STANDARD = gnu17;
				GCC_NO_COMMON_BLOCKS = YES;
				GCC_WARN_64_TO_32_BIT_CONVERSION = YES;
				GCC_WARN_ABOUT_RETURN_TYPE = YES_ERROR;
				GCC_WARN_UNDECLARED_SELECTOR = YES;
				GCC_WARN_UNINITIALIZED_AUTOS = YES_AGGRESSIVE;
				GCC_WARN_UNUSED_FUNCTION = YES;
				GCC_WARN_UNUSED_VARIABLE = YES;
				LOCALIZATION_PREFERS_STRING_CATALOGS = YES;
				MACOSX_DEPLOYMENT_TARGET = 15.2;
				MTL_ENABLE_DEBUG_INFO = NO;
				MTL_FAST_MATH = YES;
				SDKROOT = macosx;
			};
			name = Release;
		};
		3497C5072DB71EC800D3FF09 /* Debug */ = {
			isa = XCBuildConfiguration;
			buildSettings = {
				CODE_SIGN_ENTITLEMENTS = CameraApp/CameraApp.entitlements;
				CODE_SIGN_IDENTITY = "Apple Development";
				"CODE_SIGN_IDENTITY[sdk=macosx*]" = "Apple Development";
				CODE_SIGN_STYLE = Automatic;
				DEVELOPMENT_TEAM = 676SGLBX6B;
				ENABLE_HARDENED_RUNTIME = YES;
				HEADER_SEARCH_PATHS = (
					/opt/homebrew/include,
					/opt/homebrew/include/GL,
					/opt/homebrew/include/GLFW,
					/opt/homebrew/include/glm,
				);
				LIBRARY_SEARCH_PATHS = (
					"$(inherited)",
					/opt/homebrew/Cellar/glew/2.2.0_1/lib,
					/opt/homebrew/Cellar/glfw/3.4/lib,
					/opt/homebrew/lib,
				);
				PRODUCT_NAME = "$(TARGET_NAME)";
				PROVISIONING_PROFILE_SPECIFIER = "";
			};
			name = Debug;
		};
		3497C5082DB71EC800D3FF09 /* Release */ = {
			isa = XCBuildConfiguration;
			buildSettings = {
				CODE_SIGN_ENTITLEMENTS = CameraApp/CameraApp.entitlements;
				CODE_SIGN_IDENTITY = "Apple Development";
				"CODE_SIGN_IDENTITY[sdk=macosx*]" = "Apple Development";
				CODE_SIGN_STYLE = Automatic;
				DEVELOPMENT_TEAM = 676SGLBX6B;
				ENABLE_HARDENED_RUNTIME = YES;
				HEADER_SEARCH_PATHS = (
					/opt/homebrew/include,
					/opt/homebrew/include/GL,
					/opt/homebrew/include/GLFW,
					/opt/homebrew/include/glm,
				);
				LIBRARY_SEARCH_PATHS = (
					"$(inherited)",
					/opt/homebrew/Cellar/glew/2.2.0_1/lib,
					/opt/homebrew/Cellar/glfw/3.4/lib,
					/opt/homebrew/lib,
				);
				PRODUCT_NAME = "$(TARGET_NAME)";
				PROVISIONING_PROFILE_SPECIFIER = "";
			};
			name = Release;
		};
/* End XCBuildConfiguration section */

/* Begin XCConfigurationList section */
		3497C4FA2DB71EC800D3FF09 /* Build configuration list for PBXProject "CameraApp" */ = {
			isa = XCConfigurationList;
			buildConfigurations = (
				3497C5042DB71EC800D3FF09 /* Debug */,
				3497C5052DB71EC800D3FF09 /* Release */,
			);
			defaultConfigurationIsVisible = 0;
			defaultConfigurationName = Release;
		};
		3497C5062DB71EC800D3FF09 /* Build configuration list for PBXNativeTarget "CameraApp" */ = {
			isa = XCConfigurationList;
			buildConfigurations = (
				3497C5072DB71EC800D3FF09 /* Debug */,
				3497C5082DB71EC800D3FF09 /* Release */,
			);
			defaultConfigurationIsVisible = 0;
			defaultConfigurationName = Release;
		};
/* End XCConfigurationList section */
	};
	rootObject = 3497C4F72DB71EC800D3FF09 /* Project object */;
}
